{
  "name": "ridetrackeravatars",
  "version": "1.0.0",
  "lockfileVersion": 3,
  "requires": true,
  "packages": {
    "": {
      "name": "ridetrackeravatars",
      "version": "1.0.0",
      "license": "ISC",
      "dependencies": {
        "itty-router": "^3.0.12",
        "itty-router-extras": "^0.4.2"
      },
      "devDependencies": {
        "@cloudflare/workers-types": "^4.20230511.0",
        "@types/itty-router-extras": "^0.4.0",
        "typescript": "^5.0.4"
      }
    },
    "node_modules/@cloudflare/workers-types": {
      "version": "4.20230511.0",
      "resolved": "https://registry.npmjs.org/@cloudflare/workers-types/-/workers-types-4.20230511.0.tgz",
      "integrity": "sha512-Br4i/8+t60HDJIo8o7O9Rrmp03bhdejRW9klb0bK9EfG5Ii7qz5G3PJO12gUz+Vu9m1v9tZ9KOh3Gg8oshXtug==",
      "dev": true
    },
    "node_modules/@types/itty-router-extras": {
      "version": "0.4.0",
      "resolved": "https://registry.npmjs.org/@types/itty-router-extras/-/itty-router-extras-0.4.0.tgz",
      "integrity": "sha512-IcXmXB8vVbjWy4McZjKzo+3sdQyzMpyHi5mQ4iViu6yX9cS/SVlGR+6H/AgzfG32svaQJeOhl2gfXYwf1AKEgg==",
      "dev": true,
      "dependencies": {
        "itty-router": "^2.3.10"
      }
    },
    "node_modules/@types/itty-router-extras/node_modules/itty-router": {
      "version": "2.6.6",
      "resolved": "https://registry.npmjs.org/itty-router/-/itty-router-2.6.6.tgz",
      "integrity": "sha512-hIPHtXGymCX7Lzb2I4G6JgZFE4QEEQwst9GORK7sMYUpJvLfy4yZJr95r04e8DzoAnj6HcxM2m4TbK+juu+18g==",
      "dev": true
    },
    "node_modules/itty-router": {
      "version": "3.0.12",
      "resolved": "https://registry.npmjs.org/itty-router/-/itty-router-3.0.12.tgz",
      "integrity": "sha512-s98XTPhle6GGbaFf0kYrOD3Q8gyhnqvOqkwYijC3AmkceNKqWUp13YHg6dWmqmVv4pP7l7c94XI92I0EXVGO0w=="
    },
    "node_modules/itty-router-extras": {
      "version": "0.4.2",
      "resolved": "https://registry.npmjs.org/itty-router-extras/-/itty-router-extras-0.4.2.tgz",
      "integrity": "sha512-ppHaBzcTXs7idFSDISehG+8kif2/4aqLCfyY/Y/uIZv79sfEfNmTq9G+rDeqblun/VZRBiXZD8ztYmMS8EOsKw=="
    },
    "node_modules/typescript": {
      "version": "5.0.4",
      "resolved": "https://registry.npmjs.org/typescript/-/typescript-5.0.4.tgz",
      "integrity": "sha512-cW9T5W9xY37cc+jfEnaUvX91foxtHkza3Nw3wkoF4sSlKn0MONdkdEndig/qPBWXNkmplh3NzayQzCiHM4/hqw==",
      "dev": true,
      "bin": {
        "tsc": "bin/tsc",
        "tsserver": "bin/tsserver"
      },
      "engines": {
        "node": ">=12.20"
      }
    }
  }
}
